
Microsoft Visual Studio Solution File, Format Version 12.00
# Visual Studio Version 17
VisualStudioVersion = 17.11.35222.181
MinimumVisualStudioVersion = 10.0.40219.1
Project("{9A19103F-16F7-4668-BE54-9A1E7A4F7556}") = "DotToolkit", "DotToolkit\DotToolkit.csproj", "{027D5538-7ED3-4501-90D1-6291A4B98433}"
EndProject
Project("{2150E333-8FDC-42A3-9474-1A3956D46DE8}") = "Files", "Files", "{9C4535BE-E98E-40B1-8A30-1759C4699BEF}"
	ProjectSection(SolutionItems) = preProject
		.gitignore = .gitignore
		LICENSE = LICENSE
		README.md = README.md
	EndProjectSection
EndProject
Project("{2150E333-8FDC-42A3-9474-1A3956D46DE8}") = "Test", "Test", "{9955D03F-ACDA-47DC-8A55-023B7D1D637F}"
EndProject
Project("{9A19103F-16F7-4668-BE54-9A1E7A4F7556}") = "Console_Test", "Test\Console_Test\Console_Test.csproj", "{251FEB04-9B4C-4382-A61E-74FF6FD85D3B}"
EndProject
Project("{9A19103F-16F7-4668-BE54-9A1E7A4F7556}") = "Console_Nuget", "Test\Console_Nuget\Console_Nuget.csproj", "{87A45C14-8204-4BC7-AB4B-EFBB15406AC8}"
EndProject
Global
	GlobalSection(SolutionConfigurationPlatforms) = preSolution
		Debug|Any CPU = Debug|Any CPU
		Debug|ARM = Debug|ARM
		Debug|ARM64 = Debug|ARM64
		Debug|x64 = Debug|x64
		Debug|x86 = Debug|x86
		Release|Any CPU = Release|Any CPU
		Release|ARM = Release|ARM
		Release|ARM64 = Release|ARM64
		Release|x64 = Release|x64
		Release|x86 = Release|x86
	EndGlobalSection
	GlobalSection(ProjectConfigurationPlatforms) = postSolution
		{027D5538-7ED3-4501-90D1-6291A4B98433}.Debug|Any CPU.ActiveCfg = Debug|Any CPU
		{027D5538-7ED3-4501-90D1-6291A4B98433}.Debug|Any CPU.Build.0 = Debug|Any CPU
		{027D5538-7ED3-4501-90D1-6291A4B98433}.Debug|ARM.ActiveCfg = Debug|Any CPU
		{027D5538-7ED3-4501-90D1-6291A4B98433}.Debug|ARM.Build.0 = Debug|Any CPU
		{027D5538-7ED3-4501-90D1-6291A4B98433}.Debug|ARM64.ActiveCfg = Debug|Any CPU
		{027D5538-7ED3-4501-90D1-6291A4B98433}.Debug|ARM64.Build.0 = Debug|Any CPU
		{027D5538-7ED3-4501-90D1-6291A4B98433}.Debug|x64.ActiveCfg = Debug|Any CPU
		{027D5538-7ED3-4501-90D1-6291A4B98433}.Debug|x64.Build.0 = Debug|Any CPU
		{027D5538-7ED3-4501-90D1-6291A4B98433}.Debug|x86.ActiveCfg = Debug|Any CPU
		{027D5538-7ED3-4501-90D1-6291A4B98433}.Debug|x86.Build.0 = Debug|Any CPU
		{027D5538-7ED3-4501-90D1-6291A4B98433}.Release|Any CPU.ActiveCfg = Release|Any CPU
		{027D5538-7ED3-4501-90D1-6291A4B98433}.Release|Any CPU.Build.0 = Release|Any CPU
		{027D5538-7ED3-4501-90D1-6291A4B98433}.Release|ARM.ActiveCfg = Release|Any CPU
		{027D5538-7ED3-4501-90D1-6291A4B98433}.Release|ARM.Build.0 = Release|Any CPU
		{027D5538-7ED3-4501-90D1-6291A4B98433}.Release|ARM64.ActiveCfg = Release|Any CPU
		{027D5538-7ED3-4501-90D1-6291A4B98433}.Release|ARM64.Build.0 = Release|Any CPU
		{027D5538-7ED3-4501-90D1-6291A4B98433}.Release|x64.ActiveCfg = Release|Any CPU
		{027D5538-7ED3-4501-90D1-6291A4B98433}.Release|x64.Build.0 = Release|Any CPU
		{027D5538-7ED3-4501-90D1-6291A4B98433}.Release|x86.ActiveCfg = Release|Any CPU
		{027D5538-7ED3-4501-90D1-6291A4B98433}.Release|x86.Build.0 = Release|Any CPU
		{251FEB04-9B4C-4382-A61E-74FF6FD85D3B}.Debug|Any CPU.ActiveCfg = Debug|Any CPU
		{251FEB04-9B4C-4382-A61E-74FF6FD85D3B}.Debug|Any CPU.Build.0 = Debug|Any CPU
		{251FEB04-9B4C-4382-A61E-74FF6FD85D3B}.Debug|ARM.ActiveCfg = Debug|Any CPU
		{251FEB04-9B4C-4382-A61E-74FF6FD85D3B}.Debug|ARM.Build.0 = Debug|Any CPU
		{251FEB04-9B4C-4382-A61E-74FF6FD85D3B}.Debug|ARM64.ActiveCfg = Debug|Any CPU
		{251FEB04-9B4C-4382-A61E-74FF6FD85D3B}.Debug|ARM64.Build.0 = Debug|Any CPU
		{251FEB04-9B4C-4382-A61E-74FF6FD85D3B}.Debug|x64.ActiveCfg = Debug|Any CPU
		{251FEB04-9B4C-4382-A61E-74FF6FD85D3B}.Debug|x64.Build.0 = Debug|Any CPU
		{251FEB04-9B4C-4382-A61E-74FF6FD85D3B}.Debug|x86.ActiveCfg = Debug|Any CPU
		{251FEB04-9B4C-4382-A61E-74FF6FD85D3B}.Debug|x86.Build.0 = Debug|Any CPU
		{251FEB04-9B4C-4382-A61E-74FF6FD85D3B}.Release|Any CPU.ActiveCfg = Release|Any CPU
		{251FEB04-9B4C-4382-A61E-74FF6FD85D3B}.Release|Any CPU.Build.0 = Release|Any CPU
		{251FEB04-9B4C-4382-A61E-74FF6FD85D3B}.Release|ARM.ActiveCfg = Release|Any CPU
		{251FEB04-9B4C-4382-A61E-74FF6FD85D3B}.Release|ARM.Build.0 = Release|Any CPU
		{251FEB04-9B4C-4382-A61E-74FF6FD85D3B}.Release|ARM64.ActiveCfg = Release|Any CPU
		{251FEB04-9B4C-4382-A61E-74FF6FD85D3B}.Release|ARM64.Build.0 = Release|Any CPU
		{251FEB04-9B4C-4382-A61E-74FF6FD85D3B}.Release|x64.ActiveCfg = Release|Any CPU
		{251FEB04-9B4C-4382-A61E-74FF6FD85D3B}.Release|x64.Build.0 = Release|Any CPU
		{251FEB04-9B4C-4382-A61E-74FF6FD85D3B}.Release|x86.ActiveCfg = Release|Any CPU
		{251FEB04-9B4C-4382-A61E-74FF6FD85D3B}.Release|x86.Build.0 = Release|Any CPU
		{87A45C14-8204-4BC7-AB4B-EFBB15406AC8}.Debug|Any CPU.ActiveCfg = Debug|Any CPU
		{87A45C14-8204-4BC7-AB4B-EFBB15406AC8}.Debug|Any CPU.Build.0 = Debug|Any CPU
		{87A45C14-8204-4BC7-AB4B-EFBB15406AC8}.Debug|ARM.ActiveCfg = Debug|Any CPU
		{87A45C14-8204-4BC7-AB4B-EFBB15406AC8}.Debug|ARM.Build.0 = Debug|Any CPU
		{87A45C14-8204-4BC7-AB4B-EFBB15406AC8}.Debug|ARM64.ActiveCfg = Debug|Any CPU
		{87A45C14-8204-4BC7-AB4B-EFBB15406AC8}.Debug|ARM64.Build.0 = Debug|Any CPU
		{87A45C14-8204-4BC7-AB4B-EFBB15406AC8}.Debug|x64.ActiveCfg = Debug|Any CPU
		{87A45C14-8204-4BC7-AB4B-EFBB15406AC8}.Debug|x64.Build.0 = Debug|Any CPU
		{87A45C14-8204-4BC7-AB4B-EFBB15406AC8}.Debug|x86.ActiveCfg = Debug|Any CPU
		{87A45C14-8204-4BC7-AB4B-EFBB15406AC8}.Debug|x86.Build.0 = Debug|Any CPU
		{87A45C14-8204-4BC7-AB4B-EFBB15406AC8}.Release|Any CPU.ActiveCfg = Release|Any CPU
		{87A45C14-8204-4BC7-AB4B-EFBB15406AC8}.Release|Any CPU.Build.0 = Release|Any CPU
		{87A45C14-8204-4BC7-AB4B-EFBB15406AC8}.Release|ARM.ActiveCfg = Release|Any CPU
		{87A45C14-8204-4BC7-AB4B-EFBB15406AC8}.Release|ARM.Build.0 = Release|Any CPU
		{87A45C14-8204-4BC7-AB4B-EFBB15406AC8}.Release|ARM64.ActiveCfg = Release|Any CPU
		{87A45C14-8204-4BC7-AB4B-EFBB15406AC8}.Release|ARM64.Build.0 = Release|Any CPU
		{87A45C14-8204-4BC7-AB4B-EFBB15406AC8}.Release|x64.ActiveCfg = Release|Any CPU
		{87A45C14-8204-4BC7-AB4B-EFBB15406AC8}.Release|x64.Build.0 = Release|Any CPU
		{87A45C14-8204-4BC7-AB4B-EFBB15406AC8}.Release|x86.ActiveCfg = Release|Any CPU
		{87A45C14-8204-4BC7-AB4B-EFBB15406AC8}.Release|x86.Build.0 = Release|Any CPU
	EndGlobalSection
	GlobalSection(SolutionProperties) = preSolution
		HideSolutionNode = FALSE
	EndGlobalSection
	GlobalSection(NestedProjects) = preSolution
		{251FEB04-9B4C-4382-A61E-74FF6FD85D3B} = {9955D03F-ACDA-47DC-8A55-023B7D1D637F}
		{87A45C14-8204-4BC7-AB4B-EFBB15406AC8} = {9955D03F-ACDA-47DC-8A55-023B7D1D637F}
	EndGlobalSection
	GlobalSection(ExtensibilityGlobals) = postSolution
		SolutionGuid = {A633E880-B6D8-4676-B1B7-C6EC36A0300B}
	EndGlobalSection
EndGlobal
